{
  "version": 4,
  "terraform_version": "1.3.7",
  "serial": 51,
  "lineage": "5ec3bdbc-f81b-6170-267f-5701b08af21d",
  "outputs": {
    "jkns_ip": {
      "value": "167.172.241.170",
      "type": "string"
    }
  },
  "resources": [
    {
      "mode": "data",
      "type": "digitalocean_ssh_key",
      "name": "MacBookPro",
      "provider": "provider[\"registry.terraform.io/digitalocean/digitalocean\"]",
      "instances": [
        {
          "schema_version": 0,
          "attributes": {
            "fingerprint": "63:a9:92:7b:03:11:e8:1d:7e:e9:68:d6:58:de:d5:bb",
            "id": 37356641,
            "name": "MacBookPro",
            "public_key": "ssh-rsa AAAAB3NzaC1yc2EAAAADAQABAAABgQC37UIgKhnNRIpAFVQlkSrlaUlcIFfh297QLoAwYHXHxz9XeSrz8y0DFg8bBpj2VFu447VY1DjrXgTAuUNp6to4Ae4bHTISA/hlMNPffdmew5Ppjn/mf4QKmzSDpBM3RHR5RBbVotvqhmVBIFBW07DOeOfGhH/joB9puDVVNpTeb/56MkptFQPNxqN+Ivk3xfOg4x6KwVIDExJSuVkhGOpIHl9k5o9s74coKfSc6x/zZGqlYFERy8/7dA3KVvgi8TJ7rxPTpT/vsw7r0UflNDYAbT+7ANMIarvUOcU+sTc5a2MAWSE4L5KF3lnfS/Q0sYx+RsMAhMr+oQIrnccaqVom6PrTX77CATqj5JbNxHKTLC0uQ2ZkarPuWLC/LZ8OhsNuVs69M175tyOCd+matUFYKGb9o5kdiaWs2wq8CW0EL2MGgl9BO83qdGV4WJ6tS7kg/Y9LSXDv4QcrR3guJoCrqY23E5XVvTxN/YVNmHyxSCqCijfA0M0lpSav7IvtklE= fmastrella@FMastrellas-MacBook-Pro.local"
          },
          "sensitive_attributes": []
        }
      ]
    },
    {
      "mode": "managed",
      "type": "digitalocean_droplet",
      "name": "jenkins",
      "provider": "provider[\"registry.terraform.io/digitalocean/digitalocean\"]",
      "instances": [
        {
          "schema_version": 1,
          "attributes": {
            "backups": false,
            "created_at": "2023-01-26T16:40:41Z",
            "disk": 60,
            "droplet_agent": null,
            "graceful_shutdown": false,
            "id": "337680594",
            "image": "ubuntu-22-04-x64",
            "ipv4_address": "167.172.241.170",
            "ipv4_address_private": "10.108.0.2",
            "ipv6": false,
            "ipv6_address": "",
            "locked": false,
            "memory": 2048,
            "monitoring": false,
            "name": "jnks-vm",
            "price_hourly": 0.02679,
            "price_monthly": 18,
            "private_networking": true,
            "region": "nyc3",
            "resize_disk": true,
            "size": "s-2vcpu-2gb",
            "ssh_keys": [
              "37356641"
            ],
            "status": "active",
            "tags": [],
            "timeouts": null,
            "urn": "do:droplet:337680594",
            "user_data": null,
            "vcpus": 2,
            "volume_ids": [],
            "vpc_uuid": "25cd434f-d77b-49bf-99fc-a3eb39a023ea"
          },
          "sensitive_attributes": [],
          "private": "eyJlMmJmYjczMC1lY2FhLTExZTYtOGY4OC0zNDM2M2JjN2M0YzAiOnsiY3JlYXRlIjozNjAwMDAwMDAwMDAwLCJkZWxldGUiOjYwMDAwMDAwMDAwLCJ1cGRhdGUiOjM2MDAwMDAwMDAwMDB9LCJzY2hlbWFfdmVyc2lvbiI6IjEifQ==",
          "dependencies": [
            "data.digitalocean_ssh_key.MacBookPro"
          ]
        }
      ]
    },
    {
      "mode": "managed",
      "type": "local_file",
      "name": "kube_config",
      "provider": "provider[\"registry.terraform.io/hashicorp/local\"]",
      "instances": []
    }
  ],
  "check_results": null
}
